
Microsoft Visual Studio Solution File, Format Version 12.00
# Visual Studio Version 16
VisualStudioVersion = 16.0.31129.286
MinimumVisualStudioVersion = 10.0.40219.1
Project("{FAE04EC0-301F-11D3-BF4B-00C04F79EFBC}") = "DependencyFixup", "DependencyFixup.csproj", "{7D496663-9A19-4320-B70B-79EB554B56A8}"
EndProject
Global
	GlobalSection(SolutionConfigurationPlatforms) = preSolution
		Debug|Any CPU = Debug|Any CPU
		Release|Any CPU = Release|Any CPU
	EndGlobalSection
	GlobalSection(ProjectConfigurationPlatforms) = postSolution
		{7D496663-9A19-4320-B70B-79EB554B56A8}.Debug|Any CPU.ActiveCfg = Debug|Any CPU
		{7D496663-9A19-4320-B70B-79EB554B56A8}.Debug|Any CPU.Build.0 = Debug|Any CPU
		{7D496663-9A19-4320-B70B-79EB554B56A8}.Release|Any CPU.ActiveCfg = Release|Any CPU
		{7D496663-9A19-4320-B70B-79EB554B56A8}.Release|Any CPU.Build.0 = Release|Any CPU
	EndGlobalSection
	GlobalSection(SolutionProperties) = preSolution
		HideSolutionNode = FALSE
	EndGlobalSection
	GlobalSection(ExtensibilityGlobals) = postSolution
		SolutionGuid = {2AA30809-B49B-4A38-8E03-34AF543E9197}
	EndGlobalSection
EndGlobal
